
Microsoft Visual Studio Solution File, Format Version 12.00
# Visual Studio Version 16
VisualStudioVersion = 16.0.28803.452
MinimumVisualStudioVersion = 10.0.40219.1
Project("{151D2E53-A2C4-4D7D-83FE-D05416EBD58E}") = "AzureResourceGroup1", "AzureResourceGroup1\AzureResourceGroup1.deployproj", "{F1520A38-BA6D-4A6A-9C62-778EFDDFB5D4}"
EndProject
Global
	GlobalSection(SolutionConfigurationPlatforms) = preSolution
		Debug|Any CPU = Debug|Any CPU
		Release|Any CPU = Release|Any CPU
	EndGlobalSection
	GlobalSection(ProjectConfigurationPlatforms) = postSolution
		{F1520A38-BA6D-4A6A-9C62-778EFDDFB5D4}.Debug|Any CPU.ActiveCfg = Debug|Any CPU
		{F1520A38-BA6D-4A6A-9C62-778EFDDFB5D4}.Debug|Any CPU.Build.0 = Debug|Any CPU
		{F1520A38-BA6D-4A6A-9C62-778EFDDFB5D4}.Release|Any CPU.ActiveCfg = Release|Any CPU
		{F1520A38-BA6D-4A6A-9C62-778EFDDFB5D4}.Release|Any CPU.Build.0 = Release|Any CPU
	EndGlobalSection
	GlobalSection(SolutionProperties) = preSolution
		HideSolutionNode = FALSE
	EndGlobalSection
	GlobalSection(ExtensibilityGlobals) = postSolution
		SolutionGuid = {E00A4BC9-F24E-4646-94FB-F3AC310F5B58}
	EndGlobalSection
EndGlobal
